// !$*UTF8*$!
{
	archiveVersion = 1;
	classes = {
	};
	objectVersion = 56;
	objects = {

/* Begin PBXBuildFile section */
		F301972F2C1C430500AA1A3A /* KeySet.swift in Sources */ = {isa = PBXBuildFile; fileRef = F301972E2C1C430500AA1A3A /* KeySet.swift */; };
		F30197352C1EE50100AA1A3A /* shelter_seoul.csv in Resources */ = {isa = PBXBuildFile; fileRef = F30197342C1EE50100AA1A3A /* shelter_seoul.csv */; };
		F30197382C1EEA7100AA1A3A /* SwiftCSV in Frameworks */ = {isa = PBXBuildFile; productRef = F30197372C1EEA7100AA1A3A /* SwiftCSV */; };
		F301973B2C1EF3D400AA1A3A /* Shelter.swift in Sources */ = {isa = PBXBuildFile; fileRef = F301973A2C1EF3D400AA1A3A /* Shelter.swift */; };
		F302EB592C1054220062CC5A /* AppDelegate.swift in Sources */ = {isa = PBXBuildFile; fileRef = F302EB582C1054220062CC5A /* AppDelegate.swift */; };
		F302EB5B2C1054220062CC5A /* SceneDelegate.swift in Sources */ = {isa = PBXBuildFile; fileRef = F302EB5A2C1054220062CC5A /* SceneDelegate.swift */; };
		F302EB5D2C1054220062CC5A /* ViewController.swift in Sources */ = {isa = PBXBuildFile; fileRef = F302EB5C2C1054220062CC5A /* ViewController.swift */; };
		F302EB602C1054220062CC5A /* Base in Resources */ = {isa = PBXBuildFile; fileRef = F302EB5F2C1054220062CC5A /* Base */; };
		F302EB622C1054240062CC5A /* Assets.xcassets in Resources */ = {isa = PBXBuildFile; fileRef = F302EB612C1054240062CC5A /* Assets.xcassets */; };
		F302EB652C1054240062CC5A /* Base in Resources */ = {isa = PBXBuildFile; fileRef = F302EB642C1054240062CC5A /* Base */; };
		F39CE7072C187240002C7A5D /* WeatherViewController.swift in Sources */ = {isa = PBXBuildFile; fileRef = F39CE7062C187240002C7A5D /* WeatherViewController.swift */; };
		F39CE7092C187274002C7A5D /* HomeViewController.swift in Sources */ = {isa = PBXBuildFile; fileRef = F39CE7082C187274002C7A5D /* HomeViewController.swift */; };
		F39CE70B2C1872B2002C7A5D /* SystemSettingsViewController.swift in Sources */ = {isa = PBXBuildFile; fileRef = F39CE70A2C1872B2002C7A5D /* SystemSettingsViewController.swift */; };
		F39CE70D2C1872D2002C7A5D /* SearchViewController.swift in Sources */ = {isa = PBXBuildFile; fileRef = F39CE70C2C1872D2002C7A5D /* SearchViewController.swift */; };
/* End PBXBuildFile section */

/* Begin PBXFileReference section */
		F301972E2C1C430500AA1A3A /* KeySet.swift */ = {isa = PBXFileReference; lastKnownFileType = sourcecode.swift; path = KeySet.swift; sourceTree = "<group>"; };
		F30197342C1EE50100AA1A3A /* shelter_seoul.csv */ = {isa = PBXFileReference; fileEncoding = 4; lastKnownFileType = text; path = shelter_seoul.csv; sourceTree = "<group>"; };
		F301973A2C1EF3D400AA1A3A /* Shelter.swift */ = {isa = PBXFileReference; lastKnownFileType = sourcecode.swift; path = Shelter.swift; sourceTree = "<group>"; };
		F302EB552C1054220062CC5A /* HeatWaveShelterApp.app */ = {isa = PBXFileReference; explicitFileType = wrapper.application; includeInIndex = 0; path = HeatWaveShelterApp.app; sourceTree = BUILT_PRODUCTS_DIR; };
		F302EB582C1054220062CC5A /* AppDelegate.swift */ = {isa = PBXFileReference; lastKnownFileType = sourcecode.swift; path = AppDelegate.swift; sourceTree = "<group>"; };
		F302EB5A2C1054220062CC5A /* SceneDelegate.swift */ = {isa = PBXFileReference; lastKnownFileType = sourcecode.swift; path = SceneDelegate.swift; sourceTree = "<group>"; };
		F302EB5C2C1054220062CC5A /* ViewController.swift */ = {isa = PBXFileReference; lastKnownFileType = sourcecode.swift; path = ViewController.swift; sourceTree = "<group>"; };
		F302EB5F2C1054220062CC5A /* Base */ = {isa = PBXFileReference; lastKnownFileType = file.storyboard; name = Base; path = Base.lproj/Main.storyboard; sourceTree = "<group>"; };
		F302EB612C1054240062CC5A /* Assets.xcassets */ = {isa = PBXFileReference; lastKnownFileType = folder.assetcatalog; path = Assets.xcassets; sourceTree = "<group>"; };
		F302EB642C1054240062CC5A /* Base */ = {isa = PBXFileReference; lastKnownFileType = file.storyboard; name = Base; path = Base.lproj/LaunchScreen.storyboard; sourceTree = "<group>"; };
		F302EB662C1054240062CC5A /* Info.plist */ = {isa = PBXFileReference; lastKnownFileType = text.plist.xml; path = Info.plist; sourceTree = "<group>"; };
		F39CE7062C187240002C7A5D /* WeatherViewController.swift */ = {isa = PBXFileReference; lastKnownFileType = sourcecode.swift; path = WeatherViewController.swift; sourceTree = "<group>"; };
		F39CE7082C187274002C7A5D /* HomeViewController.swift */ = {isa = PBXFileReference; lastKnownFileType = sourcecode.swift; path = HomeViewController.swift; sourceTree = "<group>"; };
		F39CE70A2C1872B2002C7A5D /* SystemSettingsViewController.swift */ = {isa = PBXFileReference; lastKnownFileType = sourcecode.swift; path = SystemSettingsViewController.swift; sourceTree = "<group>"; };
		F39CE70C2C1872D2002C7A5D /* SearchViewController.swift */ = {isa = PBXFileReference; lastKnownFileType = sourcecode.swift; path = SearchViewController.swift; sourceTree = "<group>"; };
/* End PBXFileReference section */

/* Begin PBXFrameworksBuildPhase section */
		F302EB522C1054220062CC5A /* Frameworks */ = {
			isa = PBXFrameworksBuildPhase;
			buildActionMask = 2147483647;
			files = (
				F30197382C1EEA7100AA1A3A /* SwiftCSV in Frameworks */,
			);
			runOnlyForDeploymentPostprocessing = 0;
		};
/* End PBXFrameworksBuildPhase section */

/* Begin PBXGroup section */
		F30197392C1EF3C500AA1A3A /* Struct */ = {
			isa = PBXGroup;
			children = (
				F301973A2C1EF3D400AA1A3A /* Shelter.swift */,
			);
			path = Struct;
			sourceTree = "<group>";
		};
		F302EB4C2C1054220062CC5A = {
			isa = PBXGroup;
			children = (
				F302EB572C1054220062CC5A /* HeatWaveShelterApp */,
				F302EB562C1054220062CC5A /* Products */,
			);
			sourceTree = "<group>";
		};
		F302EB562C1054220062CC5A /* Products */ = {
			isa = PBXGroup;
			children = (
				F302EB552C1054220062CC5A /* HeatWaveShelterApp.app */,
			);
			name = Products;
			sourceTree = "<group>";
		};
		F302EB572C1054220062CC5A /* HeatWaveShelterApp */ = {
			isa = PBXGroup;
			children = (
				F30197392C1EF3C500AA1A3A /* Struct */,
				F39CE70E2C1873C6002C7A5D /* ViewController */,
				F302EB582C1054220062CC5A /* AppDelegate.swift */,
				F302EB5A2C1054220062CC5A /* SceneDelegate.swift */,
				F302EB5E2C1054220062CC5A /* Main.storyboard */,
				F302EB612C1054240062CC5A /* Assets.xcassets */,
				F302EB632C1054240062CC5A /* LaunchScreen.storyboard */,
				F302EB662C1054240062CC5A /* Info.plist */,
				F301972E2C1C430500AA1A3A /* KeySet.swift */,
				F30197342C1EE50100AA1A3A /* shelter_seoul.csv */,
			);
			path = HeatWaveShelterApp;
			sourceTree = "<group>";
		};
		F39CE70E2C1873C6002C7A5D /* ViewController */ = {
			isa = PBXGroup;
			children = (
				F39CE7082C187274002C7A5D /* HomeViewController.swift */,
				F39CE70A2C1872B2002C7A5D /* SystemSettingsViewController.swift */,
				F39CE70C2C1872D2002C7A5D /* SearchViewController.swift */,
				F302EB5C2C1054220062CC5A /* ViewController.swift */,
				F39CE7062C187240002C7A5D /* WeatherViewController.swift */,
			);
			path = ViewController;
			sourceTree = "<group>";
		};
/* End PBXGroup section */

/* Begin PBXNativeTarget section */
		F302EB542C1054220062CC5A /* HeatWaveShelterApp */ = {
			isa = PBXNativeTarget;
			buildConfigurationList = F302EB692C1054240062CC5A /* Build configuration list for PBXNativeTarget "HeatWaveShelterApp" */;
			buildPhases = (
				F302EB512C1054220062CC5A /* Sources */,
				F302EB522C1054220062CC5A /* Frameworks */,
				F302EB532C1054220062CC5A /* Resources */,
			);
			buildRules = (
			);
			dependencies = (
			);
			name = HeatWaveShelterApp;
			packageProductDependencies = (
				F30197372C1EEA7100AA1A3A /* SwiftCSV */,
			);
			productName = HeatWaveShelterApp;
			productReference = F302EB552C1054220062CC5A /* HeatWaveShelterApp.app */;
			productType = "com.apple.product-type.application";
		};
/* End PBXNativeTarget section */

/* Begin PBXProject section */
		F302EB4D2C1054220062CC5A /* Project object */ = {
			isa = PBXProject;
			attributes = {
				BuildIndependentTargetsInParallel = 1;
				LastSwiftUpdateCheck = 1530;
				LastUpgradeCheck = 1530;
				TargetAttributes = {
					F302EB542C1054220062CC5A = {
						CreatedOnToolsVersion = 15.3;
					};
				};
			};
			buildConfigurationList = F302EB502C1054220062CC5A /* Build configuration list for PBXProject "HeatWaveShelterApp" */;
			compatibilityVersion = "Xcode 14.0";
			developmentRegion = en;
			hasScannedForEncodings = 0;
			knownRegions = (
				en,
				Base,
			);
			mainGroup = F302EB4C2C1054220062CC5A;
			packageReferences = (
				F30197362C1EEA7100AA1A3A /* XCRemoteSwiftPackageReference "SwiftCSV" */,
			);
			productRefGroup = F302EB562C1054220062CC5A /* Products */;
			projectDirPath = "";
			projectRoot = "";
			targets = (
				F302EB542C1054220062CC5A /* HeatWaveShelterApp */,
			);
		};
/* End PBXProject section */

/* Begin PBXResourcesBuildPhase section */
		F302EB532C1054220062CC5A /* Resources */ = {
			isa = PBXResourcesBuildPhase;
			buildActionMask = 2147483647;
			files = (
				F302EB622C1054240062CC5A /* Assets.xcassets in Resources */,
				F30197352C1EE50100AA1A3A /* shelter_seoul.csv in Resources */,
				F302EB652C1054240062CC5A /* Base in Resources */,
				F302EB602C1054220062CC5A /* Base in Resources */,
			);
			runOnlyForDeploymentPostprocessing = 0;
		};
/* End PBXResourcesBuildPhase section */

/* Begin PBXSourcesBuildPhase section */
		F302EB512C1054220062CC5A /* Sources */ = {
			isa = PBXSourcesBuildPhase;
			buildActionMask = 2147483647;
			files = (
				F39CE7092C187274002C7A5D /* HomeViewController.swift in Sources */,
				F39CE70D2C1872D2002C7A5D /* SearchViewController.swift in Sources */,
				F302EB5D2C1054220062CC5A /* ViewController.swift in Sources */,
				F39CE70B2C1872B2002C7A5D /* SystemSettingsViewController.swift in Sources */,
				F301972F2C1C430500AA1A3A /* KeySet.swift in Sources */,
				F39CE7072C187240002C7A5D /* WeatherViewController.swift in Sources */,
				F302EB592C1054220062CC5A /* AppDelegate.swift in Sources */,
				F301973B2C1EF3D400AA1A3A /* Shelter.swift in Sources */,
				F302EB5B2C1054220062CC5A /* SceneDelegate.swift in Sources */,
			);
			runOnlyForDeploymentPostprocessing = 0;
		};
/* End PBXSourcesBuildPhase section */

/* Begin PBXVariantGroup section */
		F302EB5E2C1054220062CC5A /* Main.storyboard */ = {
			isa = PBXVariantGroup;
			children = (
				F302EB5F2C1054220062CC5A /* Base */,
			);
			name = Main.storyboard;
			sourceTree = "<group>";
		};
		F302EB632C1054240062CC5A /* LaunchScreen.storyboard */ = {
			isa = PBXVariantGroup;
			children = (
				F302EB642C1054240062CC5A /* Base */,
			);
			name = LaunchScreen.storyboard;
			sourceTree = "<group>";
		};
/* End PBXVariantGroup section */

/* Begin XCBuildConfiguration section */
		F302EB672C1054240062CC5A /* Debug */ = {
			isa = XCBuildConfiguration;
			buildSettings = {
				ALWAYS_SEARCH_USER_PATHS = NO;
				ASSETCATALOG_COMPILER_GENERATE_SWIFT_ASSET_SYMBOL_EXTENSIONS = YES;
				CLANG_ANALYZER_NONNULL = YES;
				CLANG_ANALYZER_NUMBER_OBJECT_CONVERSION = YES_AGGRESSIVE;
				CLANG_CXX_LANGUAGE_STANDARD = "gnu++20";
				CLANG_ENABLE_MODULES = YES;
				CLANG_ENABLE_OBJC_ARC = YES;
				CLANG_ENABLE_OBJC_WEAK = YES;
				CLANG_WARN_BLOCK_CAPTURE_AUTORELEASING = YES;
				CLANG_WARN_BOOL_CONVERSION = YES;
				CLANG_WARN_COMMA = YES;
				CLANG_WARN_CONSTANT_CONVERSION = YES;
				CLANG_WARN_DEPRECATED_OBJC_IMPLEMENTATIONS = YES;
				CLANG_WARN_DIRECT_OBJC_ISA_USAGE = YES_ERROR;
				CLANG_WARN_DOCUMENTATION_COMMENTS = YES;
				CLANG_WARN_EMPTY_BODY = YES;
				CLANG_WARN_ENUM_CONVERSION = YES;
				CLANG_WARN_INFINITE_RECURSION = YES;
				CLANG_WARN_INT_CONVERSION = YES;
				CLANG_WARN_NON_LITERAL_NULL_CONVERSION = YES;
				CLANG_WARN_OBJC_IMPLICIT_RETAIN_SELF = YES;
				CLANG_WARN_OBJC_LITERAL_CONVERSION = YES;
				CLANG_WARN_OBJC_ROOT_CLASS = YES_ERROR;
				CLANG_WARN_QUOTED_INCLUDE_IN_FRAMEWORK_HEADER = YES;
				CLANG_WARN_RANGE_LOOP_ANALYSIS = YES;
				CLANG_WARN_STRICT_PROTOTYPES = YES;
				CLANG_WARN_SUSPICIOUS_MOVE = YES;
				CLANG_WARN_UNGUARDED_AVAILABILITY = YES_AGGRESSIVE;
				CLANG_WARN_UNREACHABLE_CODE = YES;
				CLANG_WARN__DUPLICATE_METHOD_MATCH = YES;
				COPY_PHASE_STRIP = NO;
				DEBUG_INFORMATION_FORMAT = dwarf;
				ENABLE_STRICT_OBJC_MSGSEND = YES;
				ENABLE_TESTABILITY = YES;
				ENABLE_USER_SCRIPT_SANDBOXING = YES;
				GCC_C_LANGUAGE_STANDARD = gnu17;
				GCC_DYNAMIC_NO_PIC = NO;
				GCC_NO_COMMON_BLOCKS = YES;
				GCC_OPTIMIZATION_LEVEL = 0;
				GCC_PREPROCESSOR_DEFINITIONS = (
					"DEBUG=1",
					"$(inherited)",
				);
				GCC_WARN_64_TO_32_BIT_CONVERSION = YES;
				GCC_WARN_ABOUT_RETURN_TYPE = YES_ERROR;
				GCC_WARN_UNDECLARED_SELECTOR = YES;
				GCC_WARN_UNINITIALIZED_AUTOS = YES_AGGRESSIVE;
				GCC_WARN_UNUSED_FUNCTION = YES;
				GCC_WARN_UNUSED_VARIABLE = YES;
				IPHONEOS_DEPLOYMENT_TARGET = 17.4;
				LOCALIZATION_PREFERS_STRING_CATALOGS = YES;
				MTL_ENABLE_DEBUG_INFO = INCLUDE_SOURCE;
				MTL_FAST_MATH = YES;
				ONLY_ACTIVE_ARCH = YES;
				SDKROOT = iphoneos;
				SWIFT_ACTIVE_COMPILATION_CONDITIONS = "DEBUG $(inherited)";
				SWIFT_OPTIMIZATION_LEVEL = "-Onone";
			};
			name = Debug;
		};
		F302EB682C1054240062CC5A /* Release */ = {
			isa = XCBuildConfiguration;
			buildSettings = {
				ALWAYS_SEARCH_USER_PATHS = NO;
				ASSETCATALOG_COMPILER_GENERATE_SWIFT_ASSET_SYMBOL_EXTENSIONS = YES;
				CLANG_ANALYZER_NONNULL = YES;
				CLANG_ANALYZER_NUMBER_OBJECT_CONVERSION = YES_AGGRESSIVE;
				CLANG_CXX_LANGUAGE_STANDARD = "gnu++20";
				CLANG_ENABLE_MODULES = YES;
				CLANG_ENABLE_OBJC_ARC = YES;
				CLANG_ENABLE_OBJC_WEAK = YES;
				CLANG_WARN_BLOCK_CAPTURE_AUTORELEASING = YES;
				CLANG_WARN_BOOL_CONVERSION = YES;
				CLANG_WARN_COMMA = YES;
				CLANG_WARN_CONSTANT_CONVERSION = YES;
				CLANG_WARN_DEPRECATED_OBJC_IMPLEMENTATIONS = YES;
				CLANG_WARN_DIRECT_OBJC_ISA_USAGE = YES_ERROR;
				CLANG_WARN_DOCUMENTATION_COMMENTS = YES;
				CLANG_WARN_EMPTY_BODY = YES;
				CLANG_WARN_ENUM_CONVERSION = YES;
				CLANG_WARN_INFINITE_RECURSION = YES;
				CLANG_WARN_INT_CONVERSION = YES;
				CLANG_WARN_NON_LITERAL_NULL_CONVERSION = YES;
				CLANG_WARN_OBJC_IMPLICIT_RETAIN_SELF = YES;
				CLANG_WARN_OBJC_LITERAL_CONVERSION = YES;
				CLANG_WARN_OBJC_ROOT_CLASS = YES_ERROR;
				CLANG_WARN_QUOTED_INCLUDE_IN_FRAMEWORK_HEADER = YES;
				CLANG_WARN_RANGE_LOOP_ANALYSIS = YES;
				CLANG_WARN_STRICT_PROTOTYPES = YES;
				CLANG_WARN_SUSPICIOUS_MOVE = YES;
				CLANG_WARN_UNGUARDED_AVAILABILITY = YES_AGGRESSIVE;
				CLANG_WARN_UNREACHABLE_CODE = YES;
				CLANG_WARN__DUPLICATE_METHOD_MATCH = YES;
				COPY_PHASE_STRIP = NO;
				DEBUG_INFORMATION_FORMAT = "dwarf-with-dsym";
				ENABLE_NS_ASSERTIONS = NO;
				ENABLE_STRICT_OBJC_MSGSEND = YES;
				ENABLE_USER_SCRIPT_SANDBOXING = YES;
				GCC_C_LANGUAGE_STANDARD = gnu17;
				GCC_NO_COMMON_BLOCKS = YES;
				GCC_WARN_64_TO_32_BIT_CONVERSION = YES;
				GCC_WARN_ABOUT_RETURN_TYPE = YES_ERROR;
				GCC_WARN_UNDECLARED_SELECTOR = YES;
				GCC_WARN_UNINITIALIZED_AUTOS = YES_AGGRESSIVE;
				GCC_WARN_UNUSED_FUNCTION = YES;
				GCC_WARN_UNUSED_VARIABLE = YES;
				IPHONEOS_DEPLOYMENT_TARGET = 17.4;
				LOCALIZATION_PREFERS_STRING_CATALOGS = YES;
				MTL_ENABLE_DEBUG_INFO = NO;
				MTL_FAST_MATH = YES;
				SDKROOT = iphoneos;
				SWIFT_COMPILATION_MODE = wholemodule;
				VALIDATE_PRODUCT = YES;
			};
			name = Release;
		};
		F302EB6A2C1054240062CC5A /* Debug */ = {
			isa = XCBuildConfiguration;
			buildSettings = {
				ASSETCATALOG_COMPILER_APPICON_NAME = AppIcon;
				ASSETCATALOG_COMPILER_GLOBAL_ACCENT_COLOR_NAME = AccentColor;
				CODE_SIGN_STYLE = Automatic;
				CURRENT_PROJECT_VERSION = 1;
				GENERATE_INFOPLIST_FILE = YES;
				INFOPLIST_FILE = HeatWaveShelterApp/Info.plist;
				INFOPLIST_KEY_UIApplicationSupportsIndirectInputEvents = YES;
				INFOPLIST_KEY_UILaunchStoryboardName = LaunchScreen;
				INFOPLIST_KEY_UIMainStoryboardFile = Main;
				INFOPLIST_KEY_UISupportedInterfaceOrientations_iPad = "UIInterfaceOrientationPortrait UIInterfaceOrientationPortraitUpsideDown UIInterfaceOrientationLandscapeLeft UIInterfaceOrientationLandscapeRight";
				INFOPLIST_KEY_UISupportedInterfaceOrientations_iPhone = "UIInterfaceOrientationPortrait UIInterfaceOrientationLandscapeLeft UIInterfaceOrientationLandscapeRight";
				LD_RUNPATH_SEARCH_PATHS = (
					"$(inherited)",
					"@executable_path/Frameworks",
				);
				MARKETING_VERSION = 1.0;
				PRODUCT_BUNDLE_IDENTIFIER = hansung.ac.kr.HeatWaveShelterApp;
				PRODUCT_NAME = "$(TARGET_NAME)";
				SWIFT_EMIT_LOC_STRINGS = YES;
				SWIFT_VERSION = 5.0;
				TARGETED_DEVICE_FAMILY = "1,2";
			};
			name = Debug;
		};
		F302EB6B2C1054240062CC5A /* Release */ = {
			isa = XCBuildConfiguration;
			buildSettings = {
				ASSETCATALOG_COMPILER_APPICON_NAME = AppIcon;
				ASSETCATALOG_COMPILER_GLOBAL_ACCENT_COLOR_NAME = AccentColor;
				CODE_SIGN_STYLE = Automatic;
				CURRENT_PROJECT_VERSION = 1;
				GENERATE_INFOPLIST_FILE = YES;
				INFOPLIST_FILE = HeatWaveShelterApp/Info.plist;
				INFOPLIST_KEY_UIApplicationSupportsIndirectInputEvents = YES;
				INFOPLIST_KEY_UILaunchStoryboardName = LaunchScreen;
				INFOPLIST_KEY_UIMainStoryboardFile = Main;
				INFOPLIST_KEY_UISupportedInterfaceOrientations_iPad = "UIInterfaceOrientationPortrait UIInterfaceOrientationPortraitUpsideDown UIInterfaceOrientationLandscapeLeft UIInterfaceOrientationLandscapeRight";
				INFOPLIST_KEY_UISupportedInterfaceOrientations_iPhone = "UIInterfaceOrientationPortrait UIInterfaceOrientationLandscapeLeft UIInterfaceOrientationLandscapeRight";
				LD_RUNPATH_SEARCH_PATHS = (
					"$(inherited)",
					"@executable_path/Frameworks",
				);
				MARKETING_VERSION = 1.0;
				PRODUCT_BUNDLE_IDENTIFIER = hansung.ac.kr.HeatWaveShelterApp;
				PRODUCT_NAME = "$(TARGET_NAME)";
				SWIFT_EMIT_LOC_STRINGS = YES;
				SWIFT_VERSION = 5.0;
				TARGETED_DEVICE_FAMILY = "1,2";
			};
			name = Release;
		};
/* End XCBuildConfiguration section */

/* Begin XCConfigurationList section */
		F302EB502C1054220062CC5A /* Build configuration list for PBXProject "HeatWaveShelterApp" */ = {
			isa = XCConfigurationList;
			buildConfigurations = (
				F302EB672C1054240062CC5A /* Debug */,
				F302EB682C1054240062CC5A /* Release */,
			);
			defaultConfigurationIsVisible = 0;
			defaultConfigurationName = Release;
		};
		F302EB692C1054240062CC5A /* Build configuration list for PBXNativeTarget "HeatWaveShelterApp" */ = {
			isa = XCConfigurationList;
			buildConfigurations = (
				F302EB6A2C1054240062CC5A /* Debug */,
				F302EB6B2C1054240062CC5A /* Release */,
			);
			defaultConfigurationIsVisible = 0;
			defaultConfigurationName = Release;
		};
/* End XCConfigurationList section */

/* Begin XCRemoteSwiftPackageReference section */
		F30197362C1EEA7100AA1A3A /* XCRemoteSwiftPackageReference "SwiftCSV" */ = {
			isa = XCRemoteSwiftPackageReference;
			repositoryURL = "https://github.com/swiftcsv/SwiftCSV";
			requirement = {
				kind = upToNextMajorVersion;
				minimumVersion = 0.10.0;
			};
		};
/* End XCRemoteSwiftPackageReference section */

/* Begin XCSwiftPackageProductDependency section */
		F30197372C1EEA7100AA1A3A /* SwiftCSV */ = {
			isa = XCSwiftPackageProductDependency;
			package = F30197362C1EEA7100AA1A3A /* XCRemoteSwiftPackageReference "SwiftCSV" */;
			productName = SwiftCSV;
		};
/* End XCSwiftPackageProductDependency section */
	};
	rootObject = F302EB4D2C1054220062CC5A /* Project object */;
}
